<?xml version="1.0" encoding="utf-8"?>
<Project ToolsVersion="4.0" xmlns="http://schemas.microsoft.com/developer/msbuild/2003">
  <ItemGroup>
    <Filter Include="FrameWork">
      <UniqueIdentifier>{ed4adaa8-7db7-4d04-9d23-6bb77826fac3}</UniqueIdentifier>
    </Filter>
    <Filter Include="FrameWork\GameTime">
      <UniqueIdentifier>{a067e297-be42-4147-b8d2-f54185b585d2}</UniqueIdentifier>
    </Filter>
    <Filter Include="FrameWork\Graphics">
      <UniqueIdentifier>{d373397a-fc1e-4a56-82e1-206567677931}</UniqueIdentifier>
    </Filter>
    <Filter Include="FrameWork\Animation">
      <UniqueIdentifier>{11474764-9099-4c99-bd1b-a1f2f0493939}</UniqueIdentifier>
    </Filter>
    <Filter Include="FrameWork\KeyBoard">
      <UniqueIdentifier>{fbe5f40b-7348-4cb3-8b83-0f083b6b97fa}</UniqueIdentifier>
    </Filter>
    <Filter Include="FrameWork\Collision">
      <UniqueIdentifier>{4c9151dd-fc7f-47d2-bf06-94961b167777}</UniqueIdentifier>
    </Filter>
    <Filter Include="Map">
      <UniqueIdentifier>{459540f0-db93-4898-8b3a-983600f62d44}</UniqueIdentifier>
    </Filter>
    <Filter Include="Scene">
      <UniqueIdentifier>{6da2dd66-e4df-4bfc-938f-72ec87132c88}</UniqueIdentifier>
    </Filter>
    <Filter Include="Megaman">
      <UniqueIdentifier>{45f8514d-1d0e-4ec3-85f1-add0449dfaa9}</UniqueIdentifier>
    </Filter>
    <Filter Include="Objects">
      <UniqueIdentifier>{2a3b3cb6-9c57-4d5c-a728-276c0d0de4a8}</UniqueIdentifier>
    </Filter>
    <Filter Include="Weapon">
      <UniqueIdentifier>{8ea3e8a3-411a-4963-8e15-c5909998036e}</UniqueIdentifier>
    </Filter>
    <Filter Include="Enemy">
      <UniqueIdentifier>{4a0aebb0-d853-46f7-b947-c9ca97e7a10f}</UniqueIdentifier>
    </Filter>
    <Filter Include="Enemy\Canon">
      <UniqueIdentifier>{8b8dffeb-5c4e-494e-8643-f2a50bfa17dc}</UniqueIdentifier>
    </Filter>
    <Filter Include="Enemy\Batton">
      <UniqueIdentifier>{4765d36b-0ca3-4684-b452-106e8b4e9221}</UniqueIdentifier>
    </Filter>
    <Filter Include="Enemy\Trap">
      <UniqueIdentifier>{ee26fdbe-6de7-42f3-99cb-79b0b22308e9}</UniqueIdentifier>
    </Filter>
    <Filter Include="Enemy\Boss">
      <UniqueIdentifier>{98075583-eb71-4c8b-9cf6-3b2fe7ec0275}</UniqueIdentifier>
    </Filter>
    <Filter Include="Item">
      <UniqueIdentifier>{5ba3c457-8aef-4b83-932d-6c3a4ce77b70}</UniqueIdentifier>
    </Filter>
    <Filter Include="Blood">
      <UniqueIdentifier>{602be1bf-b780-4fc9-a007-8cc2e9e0722c}</UniqueIdentifier>
    </Filter>
    <Filter Include="Door">
      <UniqueIdentifier>{6c115ad9-4fbe-4867-808e-4ee7974108b0}</UniqueIdentifier>
    </Filter>
    <Filter Include="Enemy\Genjibo">
      <UniqueIdentifier>{bb400a23-c484-442a-8ee3-8646d83e271f}</UniqueIdentifier>
    </Filter>
    <Filter Include="Enemy\Genjibo\Genjibo_SP">
      <UniqueIdentifier>{d077d165-2aaa-410a-b049-74b259636b98}</UniqueIdentifier>
    </Filter>
    <Filter Include="Enemy\BlastHornet">
      <UniqueIdentifier>{921c0924-a381-45ac-87bf-d43fc2f11e37}</UniqueIdentifier>
    </Filter>
  </ItemGroup>
  <ItemGroup>
    <ClInclude Include="WindowGame.h">
      <Filter>FrameWork</Filter>
    </ClInclude>
    <ClInclude Include="GameTime.h">
      <Filter>FrameWork\GameTime</Filter>
    </ClInclude>
    <ClInclude Include="GameTimeLoop.h">
      <Filter>FrameWork\GameTime</Filter>
    </ClInclude>
    <ClInclude Include="Graphics.h">
      <Filter>FrameWork\Graphics</Filter>
    </ClInclude>
    <ClInclude Include="Texture.h">
      <Filter>FrameWork\Animation</Filter>
    </ClInclude>
    <ClInclude Include="RectF.h">
      <Filter>Objects</Filter>
    </ClInclude>
    <ClInclude Include="Animate.h">
      <Filter>FrameWork\Animation</Filter>
    </ClInclude>
    <ClInclude Include="Sprite.h">
      <Filter>FrameWork\Animation</Filter>
    </ClInclude>
    <ClInclude Include="SpriteManager.h">
      <Filter>FrameWork\Animation</Filter>
    </ClInclude>
    <ClInclude Include="KeyBoard.h">
      <Filter>FrameWork\KeyBoard</Filter>
    </ClInclude>
    <ClInclude Include="KeyGame.h">
      <Filter>FrameWork\KeyBoard</Filter>
    </ClInclude>
    <ClInclude Include="Box.h">
      <Filter>Objects</Filter>
    </ClInclude>
    <ClInclude Include="OldRestore.h">
      <Filter>Objects</Filter>
    </ClInclude>
    <ClInclude Include="BaseObject.h">
      <Filter>Objects</Filter>
    </ClInclude>
    <ClInclude Include="DrawableObject.h">
      <Filter>Objects</Filter>
    </ClInclude>
    <ClInclude Include="CollisionManager.h">
      <Filter>FrameWork\Collision</Filter>
    </ClInclude>
    <ClInclude Include="Map.h">
      <Filter>Map</Filter>
    </ClInclude>
    <ClInclude Include="GameState.h">
      <Filter>Scene</Filter>
    </ClInclude>
    <ClInclude Include="QuadNode.h">
      <Filter>Map</Filter>
    </ClInclude>
    <ClInclude Include="QuadTree.h">
      <Filter>Map</Filter>
    </ClInclude>
    <ClInclude Include="Camera.h">
      <Filter>Map</Filter>
    </ClInclude>
    <ClInclude Include="ObjectsCategory.h">
      <Filter>Map</Filter>
    </ClInclude>
    <ClInclude Include="List.h" />
    <ClInclude Include="Megaman.h">
      <Filter>Megaman</Filter>
    </ClInclude>
    <ClInclude Include="Stage.h">
      <Filter>Scene</Filter>
    </ClInclude>
    <ClInclude Include="MovableObject.h">
      <Filter>Objects</Filter>
    </ClInclude>
    <ClInclude Include="Scene.h">
      <Filter>Scene</Filter>
    </ClInclude>
    <ClInclude Include="MegamanXScene.h">
      <Filter>Scene</Filter>
    </ClInclude>
    <ClInclude Include="Constant.h" />
    <ClInclude Include="Weapon.h">
      <Filter>Weapon</Filter>
    </ClInclude>
    <ClInclude Include="WeaponLocation.h">
      <Filter>Weapon</Filter>
    </ClInclude>
    <ClInclude Include="Point.h">
      <Filter>Weapon</Filter>
    </ClInclude>
    <ClInclude Include="Weapon_Simple.h">
      <Filter>Weapon</Filter>
    </ClInclude>
    <ClInclude Include="Weapon_Medium.h">
      <Filter>Weapon</Filter>
    </ClInclude>
    <ClInclude Include="Weapon_Large.h">
      <Filter>Weapon</Filter>
    </ClInclude>
    <ClInclude Include="Weapon_Status.h">
      <Filter>Weapon</Filter>
    </ClInclude>
    <ClInclude Include="Enemy.h">
      <Filter>Enemy</Filter>
    </ClInclude>
    <ClInclude Include="Enemy_Bullet.h">
      <Filter>Enemy</Filter>
    </ClInclude>
    <ClInclude Include="Enemy_Bullet_Location.h">
      <Filter>Enemy</Filter>
    </ClInclude>
    <ClInclude Include="Canon.h">
      <Filter>Enemy\Canon</Filter>
    </ClInclude>
    <ClInclude Include="Canon_Bullet.h">
      <Filter>Enemy\Canon</Filter>
    </ClInclude>
    <ClInclude Include="Batton.h">
      <Filter>Enemy\Batton</Filter>
    </ClInclude>
    <ClInclude Include="Batton_Bullet.h">
      <Filter>Enemy\Batton</Filter>
    </ClInclude>
    <ClInclude Include="Trap_Bullet.h">
      <Filter>Enemy\Trap</Filter>
    </ClInclude>
    <ClInclude Include="Trap.h">
      <Filter>Enemy\Trap</Filter>
    </ClInclude>
    <ClInclude Include="Boss.h">
      <Filter>Enemy\Boss</Filter>
    </ClInclude>
    <ClInclude Include="Boss_Bullet.h">
      <Filter>Enemy\Boss</Filter>
    </ClInclude>
    <ClInclude Include="Item.h">
      <Filter>Item</Filter>
    </ClInclude>
    <ClInclude Include="BloodMegaman.h">
      <Filter>Blood</Filter>
    </ClInclude>
    <ClInclude Include="BloodBoss.h">
      <Filter>Blood</Filter>
    </ClInclude>
    <ClInclude Include="Blood.h">
      <Filter>Blood</Filter>
    </ClInclude>
    <ClInclude Include="Door.h">
      <Filter>Door</Filter>
    </ClInclude>
    <ClInclude Include="MainScreen.h">
      <Filter>Scene</Filter>
    </ClInclude>
    <ClInclude Include="Genjibo_SP.h">
      <Filter>Enemy\Genjibo\Genjibo_SP</Filter>
    </ClInclude>
    <ClInclude Include="Genjibo.h">
      <Filter>Enemy\Genjibo</Filter>
    </ClInclude>
    <ClInclude Include="Genjibo_SP_Engine.h">
      <Filter>Enemy\Genjibo\Genjibo_SP</Filter>
    </ClInclude>
    <ClInclude Include="Genjibo_SP_Engine_Location.h">
      <Filter>Enemy\Genjibo\Genjibo_SP</Filter>
    </ClInclude>
    <ClInclude Include="BlastHornet_Wing.h">
      <Filter>Enemy\BlastHornet</Filter>
    </ClInclude>
    <ClInclude Include="BlastHornet.h">
      <Filter>Enemy\BlastHornet</Filter>
    </ClInclude>
    <ClInclude Include="BlastHornet_Bullet.h">
      <Filter>Enemy\BlastHornet</Filter>
    </ClInclude>
    <ClInclude Include="BlastHornet_Bullet_Direct.h">
      <Filter>Enemy\BlastHornet</Filter>
    </ClInclude>
    <ClInclude Include="BloodBlastHornet.h">
      <Filter>Blood</Filter>
    </ClInclude>
  </ItemGroup>
  <ItemGroup>
    <ClCompile Include="WindowGame.cpp">
      <Filter>FrameWork</Filter>
    </ClCompile>
    <ClCompile Include="Main.cpp" />
    <ClCompile Include="GameTime.cpp">
      <Filter>FrameWork\GameTime</Filter>
    </ClCompile>
    <ClCompile Include="GameTimeLoop.cpp">
      <Filter>FrameWork\GameTime</Filter>
    </ClCompile>
    <ClCompile Include="Graphics.cpp">
      <Filter>FrameWork\Graphics</Filter>
    </ClCompile>
    <ClCompile Include="Texture.cpp">
      <Filter>FrameWork\Animation</Filter>
    </ClCompile>
    <ClCompile Include="RectF.cpp">
      <Filter>Objects</Filter>
    </ClCompile>
    <ClCompile Include="Animate.cpp">
      <Filter>FrameWork\Animation</Filter>
    </ClCompile>
    <ClCompile Include="Sprite.cpp">
      <Filter>FrameWork\Animation</Filter>
    </ClCompile>
    <ClCompile Include="SpriteManager.cpp">
      <Filter>FrameWork\Animation</Filter>
    </ClCompile>
    <ClCompile Include="KeyBoard.cpp">
      <Filter>FrameWork\KeyBoard</Filter>
    </ClCompile>
    <ClCompile Include="KeyGame.cpp">
      <Filter>FrameWork\KeyBoard</Filter>
    </ClCompile>
    <ClCompile Include="Box.cpp">
      <Filter>Objects</Filter>
    </ClCompile>
    <ClCompile Include="OldRestore.cpp">
      <Filter>Objects</Filter>
    </ClCompile>
    <ClCompile Include="BaseObject.cpp">
      <Filter>Objects</Filter>
    </ClCompile>
    <ClCompile Include="DrawableObject.cpp">
      <Filter>Objects</Filter>
    </ClCompile>
    <ClCompile Include="CollisionManager.cpp">
      <Filter>FrameWork\Collision</Filter>
    </ClCompile>
    <ClCompile Include="Map.cpp">
      <Filter>Map</Filter>
    </ClCompile>
    <ClCompile Include="GameState.cpp">
      <Filter>Scene</Filter>
    </ClCompile>
    <ClCompile Include="QuadNode.cpp">
      <Filter>Map</Filter>
    </ClCompile>
    <ClCompile Include="QuadTree.cpp">
      <Filter>Map</Filter>
    </ClCompile>
    <ClCompile Include="Camera.cpp">
      <Filter>Map</Filter>
    </ClCompile>
    <ClCompile Include="ObjectsCategory.cpp">
      <Filter>Map</Filter>
    </ClCompile>
    <ClCompile Include="Megaman.cpp">
      <Filter>Megaman</Filter>
    </ClCompile>
    <ClCompile Include="Stage.cpp">
      <Filter>Scene</Filter>
    </ClCompile>
    <ClCompile Include="MovableObject.cpp">
      <Filter>Objects</Filter>
    </ClCompile>
    <ClCompile Include="Scene.cpp">
      <Filter>Scene</Filter>
    </ClCompile>
    <ClCompile Include="MegamanXScene.cpp">
      <Filter>Scene</Filter>
    </ClCompile>
    <ClCompile Include="Weapon.cpp">
      <Filter>Weapon</Filter>
    </ClCompile>
    <ClCompile Include="WeaponLocation.cpp">
      <Filter>Weapon</Filter>
    </ClCompile>
    <ClCompile Include="Point.cpp">
      <Filter>Weapon</Filter>
    </ClCompile>
    <ClCompile Include="Weapon_Simple.cpp">
      <Filter>Weapon</Filter>
    </ClCompile>
    <ClCompile Include="Weapon_Medium.cpp">
      <Filter>Weapon</Filter>
    </ClCompile>
    <ClCompile Include="Weapon_Large.cpp">
      <Filter>Weapon</Filter>
    </ClCompile>
    <ClCompile Include="Weapon_Status.cpp">
      <Filter>Weapon</Filter>
    </ClCompile>
    <ClCompile Include="Enemy.cpp">
      <Filter>Enemy</Filter>
    </ClCompile>
    <ClCompile Include="Enemy_Bullet.cpp">
      <Filter>Enemy</Filter>
    </ClCompile>
    <ClCompile Include="Enemy_Bullet_Location.cpp">
      <Filter>Enemy</Filter>
    </ClCompile>
    <ClCompile Include="Canon.cpp">
      <Filter>Enemy\Canon</Filter>
    </ClCompile>
    <ClCompile Include="Canon_Bullet.cpp">
      <Filter>Enemy\Canon</Filter>
    </ClCompile>
    <ClCompile Include="Batton.cpp">
      <Filter>Enemy\Batton</Filter>
    </ClCompile>
    <ClCompile Include="Batton_Bullet.cpp">
      <Filter>Enemy\Batton</Filter>
    </ClCompile>
    <ClCompile Include="Trap_Bullet.cpp">
      <Filter>Enemy\Trap</Filter>
    </ClCompile>
    <ClCompile Include="Trap.cpp">
      <Filter>Enemy\Trap</Filter>
    </ClCompile>
    <ClCompile Include="Boss.cpp">
      <Filter>Enemy\Boss</Filter>
    </ClCompile>
    <ClCompile Include="Boss_Bullet.cpp">
      <Filter>Enemy\Boss</Filter>
    </ClCompile>
    <ClCompile Include="Item.cpp">
      <Filter>Item</Filter>
    </ClCompile>
    <ClCompile Include="BloodMegaman.cpp">
      <Filter>Blood</Filter>
    </ClCompile>
    <ClCompile Include="BloodBoss.cpp">
      <Filter>Blood</Filter>
    </ClCompile>
    <ClCompile Include="Blood.cpp">
      <Filter>Blood</Filter>
    </ClCompile>
    <ClCompile Include="Door.cpp">
      <Filter>Door</Filter>
    </ClCompile>
    <ClCompile Include="MainScreen.cpp">
      <Filter>Scene</Filter>
    </ClCompile>
    <ClCompile Include="Genjibo_SP.cpp">
      <Filter>Enemy\Genjibo\Genjibo_SP</Filter>
    </ClCompile>
    <ClCompile Include="Genjibo.cpp">
      <Filter>Enemy\Genjibo</Filter>
    </ClCompile>
    <ClCompile Include="Genjibo_SP_Engine.cpp">
      <Filter>Enemy\Genjibo\Genjibo_SP</Filter>
    </ClCompile>
    <ClCompile Include="Genjibo_SP_Engine_Location.cpp">
      <Filter>Enemy\Genjibo\Genjibo_SP</Filter>
    </ClCompile>
    <ClCompile Include="BlastHornet_Wing.cpp">
      <Filter>Enemy\BlastHornet</Filter>
    </ClCompile>
    <ClCompile Include="BlastHornet.cpp">
      <Filter>Enemy\BlastHornet</Filter>
    </ClCompile>
    <ClCompile Include="BlastHornet_Bullet.cpp">
      <Filter>Enemy\BlastHornet</Filter>
    </ClCompile>
    <ClCompile Include="BlastHornet_Bullet_Direct.cpp">
      <Filter>Enemy\BlastHornet</Filter>
    </ClCompile>
    <ClCompile Include="BloodBlastHornet.cpp">
      <Filter>Blood</Filter>
    </ClCompile>
  </ItemGroup>
</Project>